
Microsoft Visual Studio Solution File, Format Version 12.00
# Visual Studio 15
VisualStudioVersion = 15.0.28307.1082
MinimumVisualStudioVersion = 10.0.40219.1
Project("{FAE04EC0-301F-11D3-BF4B-00C04F79EFBC}") = "Book_Store", "Book_Store\Book_Store.csproj", "{4EE3ED2B-8307-4801-B4EC-674E21ED3A81}"
EndProject
Project("{FAE04EC0-301F-11D3-BF4B-00C04F79EFBC}") = "CommonLayer", "CommonLayer\CommonLayer.csproj", "{E4BCCF83-A2AF-45AC-8140-01B269D24602}"
EndProject
Project("{FAE04EC0-301F-11D3-BF4B-00C04F79EFBC}") = "BusinessLayer", "BusinessLayer\BusinessLayer.csproj", "{FE534422-2567-40A9-B8CE-6F22EE7E2245}"
EndProject
Project("{FAE04EC0-301F-11D3-BF4B-00C04F79EFBC}") = "RepositoryLayer", "RepositoryLayer\RepositoryLayer.csproj", "{EF0D8385-B4F1-41D8-BD36-EE0ED6945149}"
EndProject
Global
	GlobalSection(SolutionConfigurationPlatforms) = preSolution
		Debug|Any CPU = Debug|Any CPU
		Release|Any CPU = Release|Any CPU
	EndGlobalSection
	GlobalSection(ProjectConfigurationPlatforms) = postSolution
		{4EE3ED2B-8307-4801-B4EC-674E21ED3A81}.Debug|Any CPU.ActiveCfg = Debug|Any CPU
		{4EE3ED2B-8307-4801-B4EC-674E21ED3A81}.Debug|Any CPU.Build.0 = Debug|Any CPU
		{4EE3ED2B-8307-4801-B4EC-674E21ED3A81}.Release|Any CPU.ActiveCfg = Release|Any CPU
		{4EE3ED2B-8307-4801-B4EC-674E21ED3A81}.Release|Any CPU.Build.0 = Release|Any CPU
		{E4BCCF83-A2AF-45AC-8140-01B269D24602}.Debug|Any CPU.ActiveCfg = Debug|Any CPU
		{E4BCCF83-A2AF-45AC-8140-01B269D24602}.Debug|Any CPU.Build.0 = Debug|Any CPU
		{E4BCCF83-A2AF-45AC-8140-01B269D24602}.Release|Any CPU.ActiveCfg = Release|Any CPU
		{E4BCCF83-A2AF-45AC-8140-01B269D24602}.Release|Any CPU.Build.0 = Release|Any CPU
		{FE534422-2567-40A9-B8CE-6F22EE7E2245}.Debug|Any CPU.ActiveCfg = Debug|Any CPU
		{FE534422-2567-40A9-B8CE-6F22EE7E2245}.Debug|Any CPU.Build.0 = Debug|Any CPU
		{FE534422-2567-40A9-B8CE-6F22EE7E2245}.Release|Any CPU.ActiveCfg = Release|Any CPU
		{FE534422-2567-40A9-B8CE-6F22EE7E2245}.Release|Any CPU.Build.0 = Release|Any CPU
		{EF0D8385-B4F1-41D8-BD36-EE0ED6945149}.Debug|Any CPU.ActiveCfg = Debug|Any CPU
		{EF0D8385-B4F1-41D8-BD36-EE0ED6945149}.Debug|Any CPU.Build.0 = Debug|Any CPU
		{EF0D8385-B4F1-41D8-BD36-EE0ED6945149}.Release|Any CPU.ActiveCfg = Release|Any CPU
		{EF0D8385-B4F1-41D8-BD36-EE0ED6945149}.Release|Any CPU.Build.0 = Release|Any CPU
	EndGlobalSection
	GlobalSection(SolutionProperties) = preSolution
		HideSolutionNode = FALSE
	EndGlobalSection
	GlobalSection(ExtensibilityGlobals) = postSolution
		SolutionGuid = {11106FE5-23D5-4CAC-8C69-B135A9041BA3}
	EndGlobalSection
EndGlobal
